
Microsoft Visual Studio Solution File, Format Version 12.00
# Visual Studio 15
VisualStudioVersion = 15.0.27428.2037
MinimumVisualStudioVersion = 10.0.40219.1
Project("{FAE04EC0-301F-11D3-BF4B-00C04F79EFBC}") = "Sync", "Sync\Sync.csproj", "{908F126F-B3A3-44E8-A2A7-344790DCACA5}"
EndProject
Global
	GlobalSection(SolutionConfigurationPlatforms) = preSolution
		Debug|Any CPU = Debug|Any CPU
		Release|Any CPU = Release|Any CPU
	EndGlobalSection
	GlobalSection(ProjectConfigurationPlatforms) = postSolution
		{908F126F-B3A3-44E8-A2A7-344790DCACA5}.Debug|Any CPU.ActiveCfg = Debug|Any CPU
		{908F126F-B3A3-44E8-A2A7-344790DCACA5}.Debug|Any CPU.Build.0 = Debug|Any CPU
		{908F126F-B3A3-44E8-A2A7-344790DCACA5}.Release|Any CPU.ActiveCfg = Release|Any CPU
		{908F126F-B3A3-44E8-A2A7-344790DCACA5}.Release|Any CPU.Build.0 = Release|Any CPU
	EndGlobalSection
	GlobalSection(SolutionProperties) = preSolution
		HideSolutionNode = FALSE
	EndGlobalSection
	GlobalSection(ExtensibilityGlobals) = postSolution
		SolutionGuid = {413AB2F6-B113-4474-97E6-C7D3FBCA499A}
	EndGlobalSection
EndGlobal
